
Microsoft Visual Studio Solution File, Format Version 12.00
# Visual Studio Version 17
VisualStudioVersion = 17.0.31903.59
MinimumVisualStudioVersion = 10.0.40219.1
Project("{2150E333-8FDC-42A3-9474-1A3956D46DE8}") = "src", "src", "{6256DD58-75E8-43ED-BC52-8E61012781E8}"
EndProject
Project("{9A19103F-16F7-4668-BE54-9A1E7A4F7556}") = "IdentityServer", "src\IdentityServer\IdentityServer.csproj", "{9A8C8E0B-D9F7-4DB2-B3BC-5BCDD171AFD0}"
EndProject
Project("{9A19103F-16F7-4668-BE54-9A1E7A4F7556}") = "Api", "src\Api\Api.csproj", "{A155DA32-6894-4AB2-BA38-48FE068FC067}"
EndProject
Project("{9A19103F-16F7-4668-BE54-9A1E7A4F7556}") = "Client", "src\Client\Client.csproj", "{CCFB5B44-B0D6-4421-B81F-3CAD306AF22A}"
EndProject
Project("{9A19103F-16F7-4668-BE54-9A1E7A4F7556}") = "MvcClient", "src\MvcClient\MvcClient.csproj", "{E4C9FBBB-8897-40F1-BB19-05B00FD02027}"
EndProject
Project("{9A19103F-16F7-4668-BE54-9A1E7A4F7556}") = "JavaScriptClient", "src\JavaScriptClient\JavaScriptClient.csproj", "{82BC1037-922C-4D88-832E-7FB921A32111}"
EndProject
Global
	GlobalSection(SolutionConfigurationPlatforms) = preSolution
		Debug|Any CPU = Debug|Any CPU
		Debug|x64 = Debug|x64
		Debug|x86 = Debug|x86
		Release|Any CPU = Release|Any CPU
		Release|x64 = Release|x64
		Release|x86 = Release|x86
	EndGlobalSection
	GlobalSection(ProjectConfigurationPlatforms) = postSolution
		{9A8C8E0B-D9F7-4DB2-B3BC-5BCDD171AFD0}.Debug|Any CPU.ActiveCfg = Debug|Any CPU
		{9A8C8E0B-D9F7-4DB2-B3BC-5BCDD171AFD0}.Debug|Any CPU.Build.0 = Debug|Any CPU
		{9A8C8E0B-D9F7-4DB2-B3BC-5BCDD171AFD0}.Debug|x64.ActiveCfg = Debug|Any CPU
		{9A8C8E0B-D9F7-4DB2-B3BC-5BCDD171AFD0}.Debug|x64.Build.0 = Debug|Any CPU
		{9A8C8E0B-D9F7-4DB2-B3BC-5BCDD171AFD0}.Debug|x86.ActiveCfg = Debug|Any CPU
		{9A8C8E0B-D9F7-4DB2-B3BC-5BCDD171AFD0}.Debug|x86.Build.0 = Debug|Any CPU
		{9A8C8E0B-D9F7-4DB2-B3BC-5BCDD171AFD0}.Release|Any CPU.ActiveCfg = Release|Any CPU
		{9A8C8E0B-D9F7-4DB2-B3BC-5BCDD171AFD0}.Release|Any CPU.Build.0 = Release|Any CPU
		{9A8C8E0B-D9F7-4DB2-B3BC-5BCDD171AFD0}.Release|x64.ActiveCfg = Release|Any CPU
		{9A8C8E0B-D9F7-4DB2-B3BC-5BCDD171AFD0}.Release|x64.Build.0 = Release|Any CPU
		{9A8C8E0B-D9F7-4DB2-B3BC-5BCDD171AFD0}.Release|x86.ActiveCfg = Release|Any CPU
		{9A8C8E0B-D9F7-4DB2-B3BC-5BCDD171AFD0}.Release|x86.Build.0 = Release|Any CPU
		{A155DA32-6894-4AB2-BA38-48FE068FC067}.Debug|Any CPU.ActiveCfg = Debug|Any CPU
		{A155DA32-6894-4AB2-BA38-48FE068FC067}.Debug|Any CPU.Build.0 = Debug|Any CPU
		{A155DA32-6894-4AB2-BA38-48FE068FC067}.Debug|x64.ActiveCfg = Debug|Any CPU
		{A155DA32-6894-4AB2-BA38-48FE068FC067}.Debug|x64.Build.0 = Debug|Any CPU
		{A155DA32-6894-4AB2-BA38-48FE068FC067}.Debug|x86.ActiveCfg = Debug|Any CPU
		{A155DA32-6894-4AB2-BA38-48FE068FC067}.Debug|x86.Build.0 = Debug|Any CPU
		{A155DA32-6894-4AB2-BA38-48FE068FC067}.Release|Any CPU.ActiveCfg = Release|Any CPU
		{A155DA32-6894-4AB2-BA38-48FE068FC067}.Release|Any CPU.Build.0 = Release|Any CPU
		{A155DA32-6894-4AB2-BA38-48FE068FC067}.Release|x64.ActiveCfg = Release|Any CPU
		{A155DA32-6894-4AB2-BA38-48FE068FC067}.Release|x64.Build.0 = Release|Any CPU
		{A155DA32-6894-4AB2-BA38-48FE068FC067}.Release|x86.ActiveCfg = Release|Any CPU
		{A155DA32-6894-4AB2-BA38-48FE068FC067}.Release|x86.Build.0 = Release|Any CPU
		{CCFB5B44-B0D6-4421-B81F-3CAD306AF22A}.Debug|Any CPU.ActiveCfg = Debug|Any CPU
		{CCFB5B44-B0D6-4421-B81F-3CAD306AF22A}.Debug|Any CPU.Build.0 = Debug|Any CPU
		{CCFB5B44-B0D6-4421-B81F-3CAD306AF22A}.Debug|x64.ActiveCfg = Debug|Any CPU
		{CCFB5B44-B0D6-4421-B81F-3CAD306AF22A}.Debug|x64.Build.0 = Debug|Any CPU
		{CCFB5B44-B0D6-4421-B81F-3CAD306AF22A}.Debug|x86.ActiveCfg = Debug|Any CPU
		{CCFB5B44-B0D6-4421-B81F-3CAD306AF22A}.Debug|x86.Build.0 = Debug|Any CPU
		{CCFB5B44-B0D6-4421-B81F-3CAD306AF22A}.Release|Any CPU.ActiveCfg = Release|Any CPU
		{CCFB5B44-B0D6-4421-B81F-3CAD306AF22A}.Release|Any CPU.Build.0 = Release|Any CPU
		{CCFB5B44-B0D6-4421-B81F-3CAD306AF22A}.Release|x64.ActiveCfg = Release|Any CPU
		{CCFB5B44-B0D6-4421-B81F-3CAD306AF22A}.Release|x64.Build.0 = Release|Any CPU
		{CCFB5B44-B0D6-4421-B81F-3CAD306AF22A}.Release|x86.ActiveCfg = Release|Any CPU
		{CCFB5B44-B0D6-4421-B81F-3CAD306AF22A}.Release|x86.Build.0 = Release|Any CPU
		{E4C9FBBB-8897-40F1-BB19-05B00FD02027}.Debug|Any CPU.ActiveCfg = Debug|Any CPU
		{E4C9FBBB-8897-40F1-BB19-05B00FD02027}.Debug|Any CPU.Build.0 = Debug|Any CPU
		{E4C9FBBB-8897-40F1-BB19-05B00FD02027}.Debug|x64.ActiveCfg = Debug|Any CPU
		{E4C9FBBB-8897-40F1-BB19-05B00FD02027}.Debug|x64.Build.0 = Debug|Any CPU
		{E4C9FBBB-8897-40F1-BB19-05B00FD02027}.Debug|x86.ActiveCfg = Debug|Any CPU
		{E4C9FBBB-8897-40F1-BB19-05B00FD02027}.Debug|x86.Build.0 = Debug|Any CPU
		{E4C9FBBB-8897-40F1-BB19-05B00FD02027}.Release|Any CPU.ActiveCfg = Release|Any CPU
		{E4C9FBBB-8897-40F1-BB19-05B00FD02027}.Release|Any CPU.Build.0 = Release|Any CPU
		{E4C9FBBB-8897-40F1-BB19-05B00FD02027}.Release|x64.ActiveCfg = Release|Any CPU
		{E4C9FBBB-8897-40F1-BB19-05B00FD02027}.Release|x64.Build.0 = Release|Any CPU
		{E4C9FBBB-8897-40F1-BB19-05B00FD02027}.Release|x86.ActiveCfg = Release|Any CPU
		{E4C9FBBB-8897-40F1-BB19-05B00FD02027}.Release|x86.Build.0 = Release|Any CPU
		{82BC1037-922C-4D88-832E-7FB921A32111}.Debug|Any CPU.ActiveCfg = Debug|Any CPU
		{82BC1037-922C-4D88-832E-7FB921A32111}.Debug|Any CPU.Build.0 = Debug|Any CPU
		{82BC1037-922C-4D88-832E-7FB921A32111}.Debug|x64.ActiveCfg = Debug|Any CPU
		{82BC1037-922C-4D88-832E-7FB921A32111}.Debug|x64.Build.0 = Debug|Any CPU
		{82BC1037-922C-4D88-832E-7FB921A32111}.Debug|x86.ActiveCfg = Debug|Any CPU
		{82BC1037-922C-4D88-832E-7FB921A32111}.Debug|x86.Build.0 = Debug|Any CPU
		{82BC1037-922C-4D88-832E-7FB921A32111}.Release|Any CPU.ActiveCfg = Release|Any CPU
		{82BC1037-922C-4D88-832E-7FB921A32111}.Release|Any CPU.Build.0 = Release|Any CPU
		{82BC1037-922C-4D88-832E-7FB921A32111}.Release|x64.ActiveCfg = Release|Any CPU
		{82BC1037-922C-4D88-832E-7FB921A32111}.Release|x64.Build.0 = Release|Any CPU
		{82BC1037-922C-4D88-832E-7FB921A32111}.Release|x86.ActiveCfg = Release|Any CPU
		{82BC1037-922C-4D88-832E-7FB921A32111}.Release|x86.Build.0 = Release|Any CPU
	EndGlobalSection
	GlobalSection(SolutionProperties) = preSolution
		HideSolutionNode = FALSE
	EndGlobalSection
	GlobalSection(NestedProjects) = preSolution
		{9A8C8E0B-D9F7-4DB2-B3BC-5BCDD171AFD0} = {6256DD58-75E8-43ED-BC52-8E61012781E8}
		{A155DA32-6894-4AB2-BA38-48FE068FC067} = {6256DD58-75E8-43ED-BC52-8E61012781E8}
		{CCFB5B44-B0D6-4421-B81F-3CAD306AF22A} = {6256DD58-75E8-43ED-BC52-8E61012781E8}
		{E4C9FBBB-8897-40F1-BB19-05B00FD02027} = {6256DD58-75E8-43ED-BC52-8E61012781E8}
		{82BC1037-922C-4D88-832E-7FB921A32111} = {6256DD58-75E8-43ED-BC52-8E61012781E8}
	EndGlobalSection
	GlobalSection(ExtensibilityGlobals) = postSolution
		SolutionGuid = {6B159EB8-B641-417D-BF55-D9F446F3FC81}
	EndGlobalSection
EndGlobal
